
Microsoft Visual Studio Solution File, Format Version 12.00
# Visual Studio Version 17
VisualStudioVersion = 17.13.35931.197 d17.13
MinimumVisualStudioVersion = 10.0.40219.1
Project("{FAE04EC0-301F-11D3-BF4B-00C04F79EFBC}") = "Task Tracker CLI", "Task Tracker CLI\Task Tracker CLI.csproj", "{0E556403-1E9D-4619-85CA-AD96F8E63A41}"
EndProject
Global
	GlobalSection(SolutionConfigurationPlatforms) = preSolution
		Debug|Any CPU = Debug|Any CPU
		Release|Any CPU = Release|Any CPU
	EndGlobalSection
	GlobalSection(ProjectConfigurationPlatforms) = postSolution
		{0E556403-1E9D-4619-85CA-AD96F8E63A41}.Debug|Any CPU.ActiveCfg = Debug|Any CPU
		{0E556403-1E9D-4619-85CA-AD96F8E63A41}.Debug|Any CPU.Build.0 = Debug|Any CPU
		{0E556403-1E9D-4619-85CA-AD96F8E63A41}.Release|Any CPU.ActiveCfg = Release|Any CPU
		{0E556403-1E9D-4619-85CA-AD96F8E63A41}.Release|Any CPU.Build.0 = Release|Any CPU
	EndGlobalSection
	GlobalSection(SolutionProperties) = preSolution
		HideSolutionNode = FALSE
	EndGlobalSection
	GlobalSection(ExtensibilityGlobals) = postSolution
		SolutionGuid = {C08AABAE-3F59-4B51-A385-FC8ADA5B6FD2}
	EndGlobalSection
EndGlobal
